
Microsoft Visual Studio Solution File, Format Version 12.00
# Visual Studio Version 16
VisualStudioVersion = 16.0.31005.135
MinimumVisualStudioVersion = 10.0.40219.1
Project("{2150E333-8FDC-42A3-9474-1A3956D46DE8}") = "src", "src", "{C72D4E8E-88B7-4808-BF4A-A7C4B036FB08}"
EndProject
Project("{2150E333-8FDC-42A3-9474-1A3956D46DE8}") = "Presentation", "Presentation", "{7F10B63F-43A8-43C9-9506-10FDFE7B5D12}"
EndProject
Project("{2150E333-8FDC-42A3-9474-1A3956D46DE8}") = "Infrastructure", "Infrastructure", "{EEFA78BD-5D91-421A-9F9F-8BEEF7044688}"
EndProject
Project("{2150E333-8FDC-42A3-9474-1A3956D46DE8}") = "Core", "Core", "{432ABDE6-6926-4BED-A9CF-CDCFCCF21A9F}"
EndProject
Project("{2150E333-8FDC-42A3-9474-1A3956D46DE8}") = "Application", "Application", "{ACCCE6EB-2C58-4EAC-BCEE-A80543F6EFA8}"
EndProject
Project("{FAE04EC0-301F-11D3-BF4B-00C04F79EFBC}") = "FleetManager.Api", "src\Presentation\FleetManager.Api\FleetManager.Api.csproj", "{A8649C41-F273-47B2-8359-104C4FE2B21F}"
EndProject
Project("{FAE04EC0-301F-11D3-BF4B-00C04F79EFBC}") = "FleetManager.Core", "src\Core\FleetManager.Core\FleetManager.Core.csproj", "{F3C38F2C-8556-4D5A-A672-CC070B831712}"
EndProject
Project("{FAE04EC0-301F-11D3-BF4B-00C04F79EFBC}") = "FleetManager.Core.Tests", "src\Core\FleetManager.Core.Tests\FleetManager.Core.Tests.csproj", "{67D33282-3CBE-4011-B74F-F64E28AB1595}"
EndProject
Project("{2150E333-8FDC-42A3-9474-1A3956D46DE8}") = ".", ".", "{1D1CB8F4-15F8-4340-B69F-05C6BBFC4315}"
EndProject
Project("{2150E333-8FDC-42A3-9474-1A3956D46DE8}") = "src", "src", "{9CFCC327-9B71-4AC3-B03B-FD7CC70F589A}"
EndProject
Project("{2150E333-8FDC-42A3-9474-1A3956D46DE8}") = "Application", "Application", "{B78BED58-0174-4E91-9765-2BE80AFB5D2C}"
EndProject
Project("{FAE04EC0-301F-11D3-BF4B-00C04F79EFBC}") = "FleetManager.Application", "src\Application\FleetManager.Application\FleetManager.Application.csproj", "{B84AA88D-FB31-4540-82DB-944E1D955EF5}"
EndProject
Project("{FAE04EC0-301F-11D3-BF4B-00C04F79EFBC}") = "FleetManager.Application.Tests", "src\Application\FleetManager.Application.Tests\FleetManager.Application.Tests.csproj", "{9456FA0C-5207-4E36-9FDA-9FA74AE0F72E}"
EndProject
Project("{FAE04EC0-301F-11D3-BF4B-00C04F79EFBC}") = "FleetManager.Infrastructure", "src\Infrastructure\FleetManager.Infrastructure\FleetManager.Infrastructure.csproj", "{43602077-A518-46B6-B46C-3B59557B5C2C}"
EndProject
Project("{FAE04EC0-301F-11D3-BF4B-00C04F79EFBC}") = "FleetManager.Infrastructure.Tests", "src\Infrastructure\FleetManager.Infrastructure.Tests\FleetManager.Infrastructure.Tests.csproj", "{41685587-2C22-49B0-B999-0CBD387660D2}"
EndProject
Project("{FAE04EC0-301F-11D3-BF4B-00C04F79EFBC}") = "FleetManager.Api.Tests", "src\Presentation\FleetManager.Api.Tests\FleetManager.Api.Tests.csproj", "{9D789794-06FA-456F-B7F2-918555D6A14D}"
EndProject
Global
	GlobalSection(SolutionConfigurationPlatforms) = preSolution
		Debug|Any CPU = Debug|Any CPU
		Release|Any CPU = Release|Any CPU
	EndGlobalSection
	GlobalSection(ProjectConfigurationPlatforms) = postSolution
		{A8649C41-F273-47B2-8359-104C4FE2B21F}.Debug|Any CPU.ActiveCfg = Debug|Any CPU
		{A8649C41-F273-47B2-8359-104C4FE2B21F}.Debug|Any CPU.Build.0 = Debug|Any CPU
		{A8649C41-F273-47B2-8359-104C4FE2B21F}.Release|Any CPU.ActiveCfg = Release|Any CPU
		{A8649C41-F273-47B2-8359-104C4FE2B21F}.Release|Any CPU.Build.0 = Release|Any CPU
		{F3C38F2C-8556-4D5A-A672-CC070B831712}.Debug|Any CPU.ActiveCfg = Debug|Any CPU
		{F3C38F2C-8556-4D5A-A672-CC070B831712}.Debug|Any CPU.Build.0 = Debug|Any CPU
		{F3C38F2C-8556-4D5A-A672-CC070B831712}.Release|Any CPU.ActiveCfg = Release|Any CPU
		{F3C38F2C-8556-4D5A-A672-CC070B831712}.Release|Any CPU.Build.0 = Release|Any CPU
		{67D33282-3CBE-4011-B74F-F64E28AB1595}.Debug|Any CPU.ActiveCfg = Debug|Any CPU
		{67D33282-3CBE-4011-B74F-F64E28AB1595}.Debug|Any CPU.Build.0 = Debug|Any CPU
		{67D33282-3CBE-4011-B74F-F64E28AB1595}.Release|Any CPU.ActiveCfg = Release|Any CPU
		{67D33282-3CBE-4011-B74F-F64E28AB1595}.Release|Any CPU.Build.0 = Release|Any CPU
		{D3518FEA-D55D-4DD4-BAB1-4433829551E8}.Debug|Any CPU.ActiveCfg = Debug|Any CPU
		{D3518FEA-D55D-4DD4-BAB1-4433829551E8}.Debug|Any CPU.Build.0 = Debug|Any CPU
		{D3518FEA-D55D-4DD4-BAB1-4433829551E8}.Release|Any CPU.ActiveCfg = Release|Any CPU
		{D3518FEA-D55D-4DD4-BAB1-4433829551E8}.Release|Any CPU.Build.0 = Release|Any CPU
		{B84AA88D-FB31-4540-82DB-944E1D955EF5}.Debug|Any CPU.ActiveCfg = Debug|Any CPU
		{B84AA88D-FB31-4540-82DB-944E1D955EF5}.Debug|Any CPU.Build.0 = Debug|Any CPU
		{B84AA88D-FB31-4540-82DB-944E1D955EF5}.Release|Any CPU.ActiveCfg = Release|Any CPU
		{B84AA88D-FB31-4540-82DB-944E1D955EF5}.Release|Any CPU.Build.0 = Release|Any CPU
		{9456FA0C-5207-4E36-9FDA-9FA74AE0F72E}.Debug|Any CPU.ActiveCfg = Debug|Any CPU
		{9456FA0C-5207-4E36-9FDA-9FA74AE0F72E}.Debug|Any CPU.Build.0 = Debug|Any CPU
		{9456FA0C-5207-4E36-9FDA-9FA74AE0F72E}.Release|Any CPU.ActiveCfg = Release|Any CPU
		{9456FA0C-5207-4E36-9FDA-9FA74AE0F72E}.Release|Any CPU.Build.0 = Release|Any CPU
		{43602077-A518-46B6-B46C-3B59557B5C2C}.Debug|Any CPU.ActiveCfg = Debug|Any CPU
		{43602077-A518-46B6-B46C-3B59557B5C2C}.Debug|Any CPU.Build.0 = Debug|Any CPU
		{43602077-A518-46B6-B46C-3B59557B5C2C}.Release|Any CPU.ActiveCfg = Release|Any CPU
		{43602077-A518-46B6-B46C-3B59557B5C2C}.Release|Any CPU.Build.0 = Release|Any CPU
		{41685587-2C22-49B0-B999-0CBD387660D2}.Debug|Any CPU.ActiveCfg = Debug|Any CPU
		{41685587-2C22-49B0-B999-0CBD387660D2}.Debug|Any CPU.Build.0 = Debug|Any CPU
		{41685587-2C22-49B0-B999-0CBD387660D2}.Release|Any CPU.ActiveCfg = Release|Any CPU
		{41685587-2C22-49B0-B999-0CBD387660D2}.Release|Any CPU.Build.0 = Release|Any CPU
		{9D789794-06FA-456F-B7F2-918555D6A14D}.Debug|Any CPU.ActiveCfg = Debug|Any CPU
		{9D789794-06FA-456F-B7F2-918555D6A14D}.Debug|Any CPU.Build.0 = Debug|Any CPU
		{9D789794-06FA-456F-B7F2-918555D6A14D}.Release|Any CPU.ActiveCfg = Release|Any CPU
		{9D789794-06FA-456F-B7F2-918555D6A14D}.Release|Any CPU.Build.0 = Release|Any CPU
	EndGlobalSection
	GlobalSection(SolutionProperties) = preSolution
		HideSolutionNode = FALSE
	EndGlobalSection
	GlobalSection(NestedProjects) = preSolution
		{7F10B63F-43A8-43C9-9506-10FDFE7B5D12} = {C72D4E8E-88B7-4808-BF4A-A7C4B036FB08}
		{EEFA78BD-5D91-421A-9F9F-8BEEF7044688} = {C72D4E8E-88B7-4808-BF4A-A7C4B036FB08}
		{432ABDE6-6926-4BED-A9CF-CDCFCCF21A9F} = {C72D4E8E-88B7-4808-BF4A-A7C4B036FB08}
		{ACCCE6EB-2C58-4EAC-BCEE-A80543F6EFA8} = {C72D4E8E-88B7-4808-BF4A-A7C4B036FB08}
		{A8649C41-F273-47B2-8359-104C4FE2B21F} = {7F10B63F-43A8-43C9-9506-10FDFE7B5D12}
		{F3C38F2C-8556-4D5A-A672-CC070B831712} = {ACCCE6EB-2C58-4EAC-BCEE-A80543F6EFA8}
		{67D33282-3CBE-4011-B74F-F64E28AB1595} = {432ABDE6-6926-4BED-A9CF-CDCFCCF21A9F}
		{9CFCC327-9B71-4AC3-B03B-FD7CC70F589A} = {1D1CB8F4-15F8-4340-B69F-05C6BBFC4315}
		{B78BED58-0174-4E91-9765-2BE80AFB5D2C} = {9CFCC327-9B71-4AC3-B03B-FD7CC70F589A}
		
	
		{B84AA88D-FB31-4540-82DB-944E1D955EF5} = {ACCCE6EB-2C58-4EAC-BCEE-A80543F6EFA8}
		{9456FA0C-5207-4E36-9FDA-9FA74AE0F72E} = {ACCCE6EB-2C58-4EAC-BCEE-A80543F6EFA8}
		{43602077-A518-46B6-B46C-3B59557B5C2C} = {EEFA78BD-5D91-421A-9F9F-8BEEF7044688}
		{41685587-2C22-49B0-B999-0CBD387660D2} = {EEFA78BD-5D91-421A-9F9F-8BEEF7044688}
		{9D789794-06FA-456F-B7F2-918555D6A14D} = {7F10B63F-43A8-43C9-9506-10FDFE7B5D12}
	EndGlobalSection
	GlobalSection(ExtensibilityGlobals) = postSolution
		SolutionGuid = {66F59FDC-EADF-40B4-B257-F9436D179950}
	EndGlobalSection
EndGlobal
